// !$*UTF8*$!
{
	archiveVersion = 1;
	classes = {
	};
	objectVersion = 55;
	objects = {

/* Begin PBXBuildFile section */
		380CF9FB27448E860080472A /* iPhoneModels-intl.json in Resources */ = {isa = PBXBuildFile; fileRef = 380CF9FA27448E860080472A /* iPhoneModels-intl.json */; };
		3817268E273AA898003B8D76 /* SettingsView.swift in Sources */ = {isa = PBXBuildFile; fileRef = 3817268D273AA898003B8D76 /* SettingsView.swift */; };
		386FDC572739DA7300C1BAC2 /* InventoryWatchApp.swift in Sources */ = {isa = PBXBuildFile; fileRef = 386FDC562739DA7300C1BAC2 /* InventoryWatchApp.swift */; };
		386FDC592739DA7300C1BAC2 /* ContentView.swift in Sources */ = {isa = PBXBuildFile; fileRef = 386FDC582739DA7300C1BAC2 /* ContentView.swift */; };
		386FDC5B2739DA7300C1BAC2 /* Assets.xcassets in Resources */ = {isa = PBXBuildFile; fileRef = 386FDC5A2739DA7300C1BAC2 /* Assets.xcassets */; };
		386FDC5E2739DA7300C1BAC2 /* Preview Assets.xcassets in Resources */ = {isa = PBXBuildFile; fileRef = 386FDC5D2739DA7300C1BAC2 /* Preview Assets.xcassets */; };
		386FDC662739DADD00C1BAC2 /* Model.swift in Sources */ = {isa = PBXBuildFile; fileRef = 386FDC652739DADD00C1BAC2 /* Model.swift */; };
		386FDC68273A18F800C1BAC2 /* SKUData.swift in Sources */ = {isa = PBXBuildFile; fileRef = 386FDC67273A18F800C1BAC2 /* SKUData.swift */; };
		386FDC6A273A200000C1BAC2 /* NotificationManager.swift in Sources */ = {isa = PBXBuildFile; fileRef = 386FDC69273A200000C1BAC2 /* NotificationManager.swift */; };
		38D0C3A2273C60B500A7DE65 /* Countries.swift in Sources */ = {isa = PBXBuildFile; fileRef = 38D0C3A1273C60B500A7DE65 /* Countries.swift */; };
		38D307DB2745E2E700A0686D /* Analytics.swift in Sources */ = {isa = PBXBuildFile; fileRef = 38D307DA2745E2E700A0686D /* Analytics.swift */; };
		38DB78072814CF6400CA89F8 /* tmp-alpinegreen-us.json in Resources */ = {isa = PBXBuildFile; fileRef = 38DB78062814CF6400CA89F8 /* tmp-alpinegreen-us.json */; };
		38DBAF39273D6692009992D8 /* Stores.json in Resources */ = {isa = PBXBuildFile; fileRef = 38DBAF38273D6692009992D8 /* Stores.json */; };
		38E1C21A27E6714E0047703D /* Helpers.swift in Sources */ = {isa = PBXBuildFile; fileRef = 38E1C21927E6714E0047703D /* Helpers.swift */; };
		38E4279E273EF542006BF6D7 /* Credits.rtf in Resources */ = {isa = PBXBuildFile; fileRef = 38E4279D273EF542006BF6D7 /* Credits.rtf */; };
/* End PBXBuildFile section */

/* Begin PBXFileReference section */
		380CF9FA27448E860080472A /* iPhoneModels-intl.json */ = {isa = PBXFileReference; lastKnownFileType = text.json; path = "iPhoneModels-intl.json"; sourceTree = "<group>"; };
		3817268D273AA898003B8D76 /* SettingsView.swift */ = {isa = PBXFileReference; lastKnownFileType = sourcecode.swift; path = SettingsView.swift; sourceTree = "<group>"; };
		386FDC532739DA7300C1BAC2 /* InventoryWatch.app */ = {isa = PBXFileReference; explicitFileType = wrapper.application; includeInIndex = 0; path = InventoryWatch.app; sourceTree = BUILT_PRODUCTS_DIR; };
		386FDC562739DA7300C1BAC2 /* InventoryWatchApp.swift */ = {isa = PBXFileReference; lastKnownFileType = sourcecode.swift; path = InventoryWatchApp.swift; sourceTree = "<group>"; };
		386FDC582739DA7300C1BAC2 /* ContentView.swift */ = {isa = PBXFileReference; lastKnownFileType = sourcecode.swift; path = ContentView.swift; sourceTree = "<group>"; };
		386FDC5A2739DA7300C1BAC2 /* Assets.xcassets */ = {isa = PBXFileReference; lastKnownFileType = folder.assetcatalog; path = Assets.xcassets; sourceTree = "<group>"; };
		386FDC5D2739DA7300C1BAC2 /* Preview Assets.xcassets */ = {isa = PBXFileReference; lastKnownFileType = folder.assetcatalog; path = "Preview Assets.xcassets"; sourceTree = "<group>"; };
		386FDC5F2739DA7300C1BAC2 /* InventoryWatch.entitlements */ = {isa = PBXFileReference; lastKnownFileType = text.plist.entitlements; path = InventoryWatch.entitlements; sourceTree = "<group>"; };
		386FDC652739DADD00C1BAC2 /* Model.swift */ = {isa = PBXFileReference; lastKnownFileType = sourcecode.swift; path = Model.swift; sourceTree = "<group>"; };
		386FDC67273A18F800C1BAC2 /* SKUData.swift */ = {isa = PBXFileReference; lastKnownFileType = sourcecode.swift; path = SKUData.swift; sourceTree = "<group>"; };
		386FDC69273A200000C1BAC2 /* NotificationManager.swift */ = {isa = PBXFileReference; lastKnownFileType = sourcecode.swift; path = NotificationManager.swift; sourceTree = "<group>"; };
		38D0C3A1273C60B500A7DE65 /* Countries.swift */ = {isa = PBXFileReference; lastKnownFileType = sourcecode.swift; path = Countries.swift; sourceTree = "<group>"; };
		38D307DA2745E2E700A0686D /* Analytics.swift */ = {isa = PBXFileReference; lastKnownFileType = sourcecode.swift; path = Analytics.swift; sourceTree = "<group>"; };
		38DB78062814CF6400CA89F8 /* tmp-alpinegreen-us.json */ = {isa = PBXFileReference; lastKnownFileType = text.json; path = "tmp-alpinegreen-us.json"; sourceTree = "<group>"; };
		38DBAF38273D6692009992D8 /* Stores.json */ = {isa = PBXFileReference; lastKnownFileType = text.json; path = Stores.json; sourceTree = "<group>"; };
		38E1C21927E6714E0047703D /* Helpers.swift */ = {isa = PBXFileReference; lastKnownFileType = sourcecode.swift; path = Helpers.swift; sourceTree = "<group>"; };
		38E4279D273EF542006BF6D7 /* Credits.rtf */ = {isa = PBXFileReference; fileEncoding = 4; lastKnownFileType = text.rtf; path = Credits.rtf; sourceTree = "<group>"; };
/* End PBXFileReference section */

/* Begin PBXFrameworksBuildPhase section */
		386FDC502739DA7300C1BAC2 /* Frameworks */ = {
			isa = PBXFrameworksBuildPhase;
			buildActionMask = 2147483647;
			files = (
			);
			runOnlyForDeploymentPostprocessing = 0;
		};
/* End PBXFrameworksBuildPhase section */

/* Begin PBXGroup section */
		386FDC4A2739DA7300C1BAC2 = {
			isa = PBXGroup;
			children = (
				386FDC552739DA7300C1BAC2 /* InventoryWatch */,
				386FDC542739DA7300C1BAC2 /* Products */,
			);
			sourceTree = "<group>";
		};
		386FDC542739DA7300C1BAC2 /* Products */ = {
			isa = PBXGroup;
			children = (
				386FDC532739DA7300C1BAC2 /* InventoryWatch.app */,
			);
			name = Products;
			sourceTree = "<group>";
		};
		386FDC552739DA7300C1BAC2 /* InventoryWatch */ = {
			isa = PBXGroup;
			children = (
				386FDC562739DA7300C1BAC2 /* InventoryWatchApp.swift */,
				386FDC582739DA7300C1BAC2 /* ContentView.swift */,
				3817268D273AA898003B8D76 /* SettingsView.swift */,
				386FDC69273A200000C1BAC2 /* NotificationManager.swift */,
				386FDC652739DADD00C1BAC2 /* Model.swift */,
				38E1C21927E6714E0047703D /* Helpers.swift */,
				38D307DA2745E2E700A0686D /* Analytics.swift */,
				38DBAF38273D6692009992D8 /* Stores.json */,
				380CF9FA27448E860080472A /* iPhoneModels-intl.json */,
				38DB78062814CF6400CA89F8 /* tmp-alpinegreen-us.json */,
				386FDC67273A18F800C1BAC2 /* SKUData.swift */,
				38D0C3A1273C60B500A7DE65 /* Countries.swift */,
				386FDC5A2739DA7300C1BAC2 /* Assets.xcassets */,
				38E4279D273EF542006BF6D7 /* Credits.rtf */,
				386FDC5F2739DA7300C1BAC2 /* InventoryWatch.entitlements */,
				386FDC5C2739DA7300C1BAC2 /* Preview Content */,
			);
			path = InventoryWatch;
			sourceTree = "<group>";
		};
		386FDC5C2739DA7300C1BAC2 /* Preview Content */ = {
			isa = PBXGroup;
			children = (
				386FDC5D2739DA7300C1BAC2 /* Preview Assets.xcassets */,
			);
			path = "Preview Content";
			sourceTree = "<group>";
		};
/* End PBXGroup section */

/* Begin PBXNativeTarget section */
		386FDC522739DA7300C1BAC2 /* InventoryWatch */ = {
			isa = PBXNativeTarget;
			buildConfigurationList = 386FDC622739DA7300C1BAC2 /* Build configuration list for PBXNativeTarget "InventoryWatch" */;
			buildPhases = (
				386FDC4F2739DA7300C1BAC2 /* Sources */,
				386FDC502739DA7300C1BAC2 /* Frameworks */,
				386FDC512739DA7300C1BAC2 /* Resources */,
			);
			buildRules = (
			);
			dependencies = (
			);
			name = InventoryWatch;
			productName = InventoryWatch;
			productReference = 386FDC532739DA7300C1BAC2 /* InventoryWatch.app */;
			productType = "com.apple.product-type.application";
		};
/* End PBXNativeTarget section */

/* Begin PBXProject section */
		386FDC4B2739DA7300C1BAC2 /* Project object */ = {
			isa = PBXProject;
			attributes = {
				BuildIndependentTargetsInParallel = 1;
				LastSwiftUpdateCheck = 1310;
				LastUpgradeCheck = 1320;
				TargetAttributes = {
					386FDC522739DA7300C1BAC2 = {
						CreatedOnToolsVersion = 13.1;
					};
				};
			};
			buildConfigurationList = 386FDC4E2739DA7300C1BAC2 /* Build configuration list for PBXProject "InventoryWatch" */;
			compatibilityVersion = "Xcode 13.0";
			developmentRegion = en;
			hasScannedForEncodings = 0;
			knownRegions = (
				en,
				Base,
			);
			mainGroup = 386FDC4A2739DA7300C1BAC2;
			productRefGroup = 386FDC542739DA7300C1BAC2 /* Products */;
			projectDirPath = "";
			projectRoot = "";
			targets = (
				386FDC522739DA7300C1BAC2 /* InventoryWatch */,
			);
		};
/* End PBXProject section */

/* Begin PBXResourcesBuildPhase section */
		386FDC512739DA7300C1BAC2 /* Resources */ = {
			isa = PBXResourcesBuildPhase;
			buildActionMask = 2147483647;
			files = (
				38E4279E273EF542006BF6D7 /* Credits.rtf in Resources */,
				38DBAF39273D6692009992D8 /* Stores.json in Resources */,
				380CF9FB27448E860080472A /* iPhoneModels-intl.json in Resources */,
				386FDC5E2739DA7300C1BAC2 /* Preview Assets.xcassets in Resources */,
				38DB78072814CF6400CA89F8 /* tmp-alpinegreen-us.json in Resources */,
				386FDC5B2739DA7300C1BAC2 /* Assets.xcassets in Resources */,
			);
			runOnlyForDeploymentPostprocessing = 0;
		};
/* End PBXResourcesBuildPhase section */

/* Begin PBXSourcesBuildPhase section */
		386FDC4F2739DA7300C1BAC2 /* Sources */ = {
			isa = PBXSourcesBuildPhase;
			buildActionMask = 2147483647;
			files = (
				386FDC662739DADD00C1BAC2 /* Model.swift in Sources */,
				386FDC68273A18F800C1BAC2 /* SKUData.swift in Sources */,
				38D307DB2745E2E700A0686D /* Analytics.swift in Sources */,
				386FDC6A273A200000C1BAC2 /* NotificationManager.swift in Sources */,
				38E1C21A27E6714E0047703D /* Helpers.swift in Sources */,
				3817268E273AA898003B8D76 /* SettingsView.swift in Sources */,
				386FDC592739DA7300C1BAC2 /* ContentView.swift in Sources */,
				38D0C3A2273C60B500A7DE65 /* Countries.swift in Sources */,
				386FDC572739DA7300C1BAC2 /* InventoryWatchApp.swift in Sources */,
			);
			runOnlyForDeploymentPostprocessing = 0;
		};
/* End PBXSourcesBuildPhase section */

/* Begin XCBuildConfiguration section */
		386FDC602739DA7300C1BAC2 /* Debug */ = {
			isa = XCBuildConfiguration;
			buildSettings = {
				ALWAYS_SEARCH_USER_PATHS = NO;
				CLANG_ANALYZER_NONNULL = YES;
				CLANG_ANALYZER_NUMBER_OBJECT_CONVERSION = YES_AGGRESSIVE;
				CLANG_CXX_LANGUAGE_STANDARD = "gnu++17";
				CLANG_CXX_LIBRARY = "libc++";
				CLANG_ENABLE_MODULES = YES;
				CLANG_ENABLE_OBJC_ARC = YES;
				CLANG_ENABLE_OBJC_WEAK = YES;
				CLANG_WARN_BLOCK_CAPTURE_AUTORELEASING = YES;
				CLANG_WARN_BOOL_CONVERSION = YES;
				CLANG_WARN_COMMA = YES;
				CLANG_WARN_CONSTANT_CONVERSION = YES;
				CLANG_WARN_DEPRECATED_OBJC_IMPLEMENTATIONS = YES;
				CLANG_WARN_DIRECT_OBJC_ISA_USAGE = YES_ERROR;
				CLANG_WARN_DOCUMENTATION_COMMENTS = YES;
				CLANG_WARN_EMPTY_BODY = YES;
				CLANG_WARN_ENUM_CONVERSION = YES;
				CLANG_WARN_INFINITE_RECURSION = YES;
				CLANG_WARN_INT_CONVERSION = YES;
				CLANG_WARN_NON_LITERAL_NULL_CONVERSION = YES;
				CLANG_WARN_OBJC_IMPLICIT_RETAIN_SELF = YES;
				CLANG_WARN_OBJC_LITERAL_CONVERSION = YES;
				CLANG_WARN_OBJC_ROOT_CLASS = YES_ERROR;
				CLANG_WARN_QUOTED_INCLUDE_IN_FRAMEWORK_HEADER = YES;
				CLANG_WARN_RANGE_LOOP_ANALYSIS = YES;
				CLANG_WARN_STRICT_PROTOTYPES = YES;
				CLANG_WARN_SUSPICIOUS_MOVE = YES;
				CLANG_WARN_UNGUARDED_AVAILABILITY = YES_AGGRESSIVE;
				CLANG_WARN_UNREACHABLE_CODE = YES;
				CLANG_WARN__DUPLICATE_METHOD_MATCH = YES;
				COPY_PHASE_STRIP = NO;
				DEBUG_INFORMATION_FORMAT = dwarf;
				ENABLE_STRICT_OBJC_MSGSEND = YES;
				ENABLE_TESTABILITY = YES;
				GCC_C_LANGUAGE_STANDARD = gnu11;
				GCC_DYNAMIC_NO_PIC = NO;
				GCC_NO_COMMON_BLOCKS = YES;
				GCC_OPTIMIZATION_LEVEL = 0;
				GCC_PREPROCESSOR_DEFINITIONS = (
					"DEBUG=1",
					"$(inherited)",
				);
				GCC_WARN_64_TO_32_BIT_CONVERSION = YES;
				GCC_WARN_ABOUT_RETURN_TYPE = YES_ERROR;
				GCC_WARN_UNDECLARED_SELECTOR = YES;
				GCC_WARN_UNINITIALIZED_AUTOS = YES_AGGRESSIVE;
				GCC_WARN_UNUSED_FUNCTION = YES;
				GCC_WARN_UNUSED_VARIABLE = YES;
				MACOSX_DEPLOYMENT_TARGET = 12.0;
				MTL_ENABLE_DEBUG_INFO = INCLUDE_SOURCE;
				MTL_FAST_MATH = YES;
				ONLY_ACTIVE_ARCH = YES;
				SDKROOT = macosx;
				SWIFT_ACTIVE_COMPILATION_CONDITIONS = DEBUG;
				SWIFT_OPTIMIZATION_LEVEL = "-Onone";
			};
			name = Debug;
		};
		386FDC612739DA7300C1BAC2 /* Release */ = {
			isa = XCBuildConfiguration;
			buildSettings = {
				ALWAYS_SEARCH_USER_PATHS = NO;
				CLANG_ANALYZER_NONNULL = YES;
				CLANG_ANALYZER_NUMBER_OBJECT_CONVERSION = YES_AGGRESSIVE;
				CLANG_CXX_LANGUAGE_STANDARD = "gnu++17";
				CLANG_CXX_LIBRARY = "libc++";
				CLANG_ENABLE_MODULES = YES;
				CLANG_ENABLE_OBJC_ARC = YES;
				CLANG_ENABLE_OBJC_WEAK = YES;
				CLANG_WARN_BLOCK_CAPTURE_AUTORELEASING = YES;
				CLANG_WARN_BOOL_CONVERSION = YES;
				CLANG_WARN_COMMA = YES;
				CLANG_WARN_CONSTANT_CONVERSION = YES;
				CLANG_WARN_DEPRECATED_OBJC_IMPLEMENTATIONS = YES;
				CLANG_WARN_DIRECT_OBJC_ISA_USAGE = YES_ERROR;
				CLANG_WARN_DOCUMENTATION_COMMENTS = YES;
				CLANG_WARN_EMPTY_BODY = YES;
				CLANG_WARN_ENUM_CONVERSION = YES;
				CLANG_WARN_INFINITE_RECURSION = YES;
				CLANG_WARN_INT_CONVERSION = YES;
				CLANG_WARN_NON_LITERAL_NULL_CONVERSION = YES;
				CLANG_WARN_OBJC_IMPLICIT_RETAIN_SELF = YES;
				CLANG_WARN_OBJC_LITERAL_CONVERSION = YES;
				CLANG_WARN_OBJC_ROOT_CLASS = YES_ERROR;
				CLANG_WARN_QUOTED_INCLUDE_IN_FRAMEWORK_HEADER = YES;
				CLANG_WARN_RANGE_LOOP_ANALYSIS = YES;
				CLANG_WARN_STRICT_PROTOTYPES = YES;
				CLANG_WARN_SUSPICIOUS_MOVE = YES;
				CLANG_WARN_UNGUARDED_AVAILABILITY = YES_AGGRESSIVE;
				CLANG_WARN_UNREACHABLE_CODE = YES;
				CLANG_WARN__DUPLICATE_METHOD_MATCH = YES;
				COPY_PHASE_STRIP = NO;
				DEBUG_INFORMATION_FORMAT = "dwarf-with-dsym";
				ENABLE_NS_ASSERTIONS = NO;
				ENABLE_STRICT_OBJC_MSGSEND = YES;
				GCC_C_LANGUAGE_STANDARD = gnu11;
				GCC_NO_COMMON_BLOCKS = YES;
				GCC_WARN_64_TO_32_BIT_CONVERSION = YES;
				GCC_WARN_ABOUT_RETURN_TYPE = YES_ERROR;
				GCC_WARN_UNDECLARED_SELECTOR = YES;
				GCC_WARN_UNINITIALIZED_AUTOS = YES_AGGRESSIVE;
				GCC_WARN_UNUSED_FUNCTION = YES;
				GCC_WARN_UNUSED_VARIABLE = YES;
				MACOSX_DEPLOYMENT_TARGET = 12.0;
				MTL_ENABLE_DEBUG_INFO = NO;
				MTL_FAST_MATH = YES;
				SDKROOT = macosx;
				SWIFT_COMPILATION_MODE = wholemodule;
				SWIFT_OPTIMIZATION_LEVEL = "-O";
			};
			name = Release;
		};
		386FDC632739DA7300C1BAC2 /* Debug */ = {
			isa = XCBuildConfiguration;
			buildSettings = {
				ASSETCATALOG_COMPILER_APPICON_NAME = AppIcon;
				ASSETCATALOG_COMPILER_GLOBAL_ACCENT_COLOR_NAME = AccentColor;
				CODE_SIGN_ENTITLEMENTS = InventoryWatch/InventoryWatch.entitlements;
				CODE_SIGN_IDENTITY = "Apple Development";
				CODE_SIGN_STYLE = Automatic;
				COMBINE_HIDPI_IMAGES = YES;
				CURRENT_PROJECT_VERSION = 1;
				DEVELOPMENT_ASSET_PATHS = "\"InventoryWatch/Preview Content\"";
				DEVELOPMENT_TEAM = 64A6JSYH8N;
				ENABLE_HARDENED_RUNTIME = YES;
				ENABLE_PREVIEWS = YES;
				GENERATE_INFOPLIST_FILE = YES;
				INFOPLIST_KEY_LSApplicationCategoryType = "public.app-category.shopping";
				INFOPLIST_KEY_NSHumanReadableCopyright = "";
				LD_RUNPATH_SEARCH_PATHS = (
					"$(inherited)",
					"@executable_path/../Frameworks",
				);
				MACOSX_DEPLOYMENT_TARGET = 11.5;
				MARKETING_VERSION = 0.0.4;
				PRODUCT_BUNDLE_IDENTIFIER = com.worthbak.InventoryWatch;
				PRODUCT_NAME = "$(TARGET_NAME)";
				SWIFT_EMIT_LOC_STRINGS = YES;
				SWIFT_VERSION = 5.0;
			};
			name = Debug;
		};
		386FDC642739DA7300C1BAC2 /* Release */ = {
			isa = XCBuildConfiguration;
			buildSettings = {
				ASSETCATALOG_COMPILER_APPICON_NAME = AppIcon;
				ASSETCATALOG_COMPILER_GLOBAL_ACCENT_COLOR_NAME = AccentColor;
				CODE_SIGN_ENTITLEMENTS = InventoryWatch/InventoryWatch.entitlements;
				CODE_SIGN_IDENTITY = "Apple Development";
				CODE_SIGN_STYLE = Automatic;
				COMBINE_HIDPI_IMAGES = YES;
				CURRENT_PROJECT_VERSION = 1;
				DEVELOPMENT_ASSET_PATHS = "\"InventoryWatch/Preview Content\"";
				DEVELOPMENT_TEAM = 64A6JSYH8N;
				ENABLE_HARDENED_RUNTIME = YES;
				ENABLE_PREVIEWS = YES;
				GENERATE_INFOPLIST_FILE = YES;
				INFOPLIST_KEY_LSApplicationCategoryType = "public.app-category.shopping";
				INFOPLIST_KEY_NSHumanReadableCopyright = "";
				LD_RUNPATH_SEARCH_PATHS = (
					"$(inherited)",
					"@executable_path/../Frameworks",
				);
				MACOSX_DEPLOYMENT_TARGET = 11.5;
				MARKETING_VERSION = 0.0.4;
				PRODUCT_BUNDLE_IDENTIFIER = com.worthbak.InventoryWatch;
				PRODUCT_NAME = "$(TARGET_NAME)";
				SWIFT_EMIT_LOC_STRINGS = YES;
				SWIFT_VERSION = 5.0;
			};
			name = Release;
		};
/* End XCBuildConfiguration section */

/* Begin XCConfigurationList section */
		386FDC4E2739DA7300C1BAC2 /* Build configuration list for PBXProject "InventoryWatch" */ = {
			isa = XCConfigurationList;
			buildConfigurations = (
				386FDC602739DA7300C1BAC2 /* Debug */,
				386FDC612739DA7300C1BAC2 /* Release */,
			);
			defaultConfigurationIsVisible = 0;
			defaultConfigurationName = Release;
		};
		386FDC622739DA7300C1BAC2 /* Build configuration list for PBXNativeTarget "InventoryWatch" */ = {
			isa = XCConfigurationList;
			buildConfigurations = (
				386FDC632739DA7300C1BAC2 /* Debug */,
				386FDC642739DA7300C1BAC2 /* Release */,
			);
			defaultConfigurationIsVisible = 0;
			defaultConfigurationName = Release;
		};
/* End XCConfigurationList section */
	};
	rootObject = 386FDC4B2739DA7300C1BAC2 /* Project object */;
}
